
Microsoft Visual Studio Solution File, Format Version 12.00
# Visual Studio Version 17
VisualStudioVersion = 17.4.33213.308
MinimumVisualStudioVersion = 10.0.40219.1
Project("{FAE04EC0-301F-11D3-BF4B-00C04F79EFBC}") = "LibRebuildPDFCMap", "LibRebuildPDFCMap\LibRebuildPDFCMap.csproj", "{DD763D0A-5CC1-48CF-9255-FB75B53D6295}"
EndProject
Project("{FAE04EC0-301F-11D3-BF4B-00C04F79EFBC}") = "LibRebuildPDFCMap.Tests", "LibRebuildPDFCMap.Tests\LibRebuildPDFCMap.Tests.csproj", "{5C73772B-CA1C-4984-A151-27FAAA4CF39B}"
EndProject
Project("{FAE04EC0-301F-11D3-BF4B-00C04F79EFBC}") = "RebuildPDFCMap", "RebuildPDFCMap\RebuildPDFCMap.csproj", "{EF745321-BB03-4C9B-8B55-52DC1E02F417}"
EndProject
Global
	GlobalSection(SolutionConfigurationPlatforms) = preSolution
		Debug|Any CPU = Debug|Any CPU
		Release|Any CPU = Release|Any CPU
	EndGlobalSection
	GlobalSection(ProjectConfigurationPlatforms) = postSolution
		{DD763D0A-5CC1-48CF-9255-FB75B53D6295}.Debug|Any CPU.ActiveCfg = Debug|Any CPU
		{DD763D0A-5CC1-48CF-9255-FB75B53D6295}.Debug|Any CPU.Build.0 = Debug|Any CPU
		{DD763D0A-5CC1-48CF-9255-FB75B53D6295}.Release|Any CPU.ActiveCfg = Release|Any CPU
		{DD763D0A-5CC1-48CF-9255-FB75B53D6295}.Release|Any CPU.Build.0 = Release|Any CPU
		{5C73772B-CA1C-4984-A151-27FAAA4CF39B}.Debug|Any CPU.ActiveCfg = Debug|Any CPU
		{5C73772B-CA1C-4984-A151-27FAAA4CF39B}.Debug|Any CPU.Build.0 = Debug|Any CPU
		{5C73772B-CA1C-4984-A151-27FAAA4CF39B}.Release|Any CPU.ActiveCfg = Release|Any CPU
		{5C73772B-CA1C-4984-A151-27FAAA4CF39B}.Release|Any CPU.Build.0 = Release|Any CPU
		{EF745321-BB03-4C9B-8B55-52DC1E02F417}.Debug|Any CPU.ActiveCfg = Debug|Any CPU
		{EF745321-BB03-4C9B-8B55-52DC1E02F417}.Debug|Any CPU.Build.0 = Debug|Any CPU
		{EF745321-BB03-4C9B-8B55-52DC1E02F417}.Release|Any CPU.ActiveCfg = Release|Any CPU
		{EF745321-BB03-4C9B-8B55-52DC1E02F417}.Release|Any CPU.Build.0 = Release|Any CPU
	EndGlobalSection
	GlobalSection(SolutionProperties) = preSolution
		HideSolutionNode = FALSE
	EndGlobalSection
	GlobalSection(ExtensibilityGlobals) = postSolution
		SolutionGuid = {EC8C671E-6F38-4210-8219-D24A2F241C30}
	EndGlobalSection
EndGlobal
